// !$*UTF8*$!
{
	archiveVersion = 1;
	classes = {
	};
	objectVersion = 46;
	objects = {

/* Begin PBXBuildFile section */
		377CE62D1C6E7E4600DF9A01 /* ViewController.swift in Sources */ = {isa = PBXBuildFile; fileRef = 37B1F8801C6D5EE30092FF9B /* ViewController.swift */; };
		377CE6301C6E846B00DF9A01 /* Main.storyboard in Resources */ = {isa = PBXBuildFile; fileRef = 37B1F8821C6D5EE30092FF9B /* Main.storyboard */; };
		377CE6321C6E869800DF9A01 /* UIViewController+Extension.swift in Sources */ = {isa = PBXBuildFile; fileRef = 377CE6311C6E869800DF9A01 /* UIViewController+Extension.swift */; };
		377CE6331C6E869800DF9A01 /* UIViewController+Extension.swift in Sources */ = {isa = PBXBuildFile; fileRef = 377CE6311C6E869800DF9A01 /* UIViewController+Extension.swift */; };
		37B1F87F1C6D5EE30092FF9B /* AppDelegate.swift in Sources */ = {isa = PBXBuildFile; fileRef = 37B1F87E1C6D5EE30092FF9B /* AppDelegate.swift */; };
		37B1F8811C6D5EE30092FF9B /* ViewController.swift in Sources */ = {isa = PBXBuildFile; fileRef = 37B1F8801C6D5EE30092FF9B /* ViewController.swift */; };
		37B1F8841C6D5EE30092FF9B /* Main.storyboard in Resources */ = {isa = PBXBuildFile; fileRef = 37B1F8821C6D5EE30092FF9B /* Main.storyboard */; };
		37B1F8861C6D5EE30092FF9B /* Assets.xcassets in Resources */ = {isa = PBXBuildFile; fileRef = 37B1F8851C6D5EE30092FF9B /* Assets.xcassets */; };
		37B1F8891C6D5EE30092FF9B /* LaunchScreen.storyboard in Resources */ = {isa = PBXBuildFile; fileRef = 37B1F8871C6D5EE30092FF9B /* LaunchScreen.storyboard */; };
		37B1F8941C6D5EE40092FF9B /* VisualFormatTests.swift in Sources */ = {isa = PBXBuildFile; fileRef = 37B1F8931C6D5EE40092FF9B /* VisualFormatTests.swift */; };
/* End PBXBuildFile section */

/* Begin PBXContainerItemProxy section */
		37B1F8901C6D5EE40092FF9B /* PBXContainerItemProxy */ = {
			isa = PBXContainerItemProxy;
			containerPortal = 37B1F8731C6D5EE30092FF9B /* Project object */;
			proxyType = 1;
			remoteGlobalIDString = 37B1F87A1C6D5EE30092FF9B;
			remoteInfo = VisualFormat;
		};
/* End PBXContainerItemProxy section */

/* Begin PBXFileReference section */
		377CE6311C6E869800DF9A01 /* UIViewController+Extension.swift */ = {isa = PBXFileReference; fileEncoding = 4; lastKnownFileType = sourcecode.swift; path = "UIViewController+Extension.swift"; sourceTree = "<group>"; };
		37B1F87B1C6D5EE30092FF9B /* VisualFormat.app */ = {isa = PBXFileReference; explicitFileType = wrapper.application; includeInIndex = 0; path = VisualFormat.app; sourceTree = BUILT_PRODUCTS_DIR; };
		37B1F87E1C6D5EE30092FF9B /* AppDelegate.swift */ = {isa = PBXFileReference; lastKnownFileType = sourcecode.swift; path = AppDelegate.swift; sourceTree = "<group>"; };
		37B1F8801C6D5EE30092FF9B /* ViewController.swift */ = {isa = PBXFileReference; lastKnownFileType = sourcecode.swift; path = ViewController.swift; sourceTree = "<group>"; };
		37B1F8831C6D5EE30092FF9B /* Base */ = {isa = PBXFileReference; lastKnownFileType = file.storyboard; name = Base; path = Base.lproj/Main.storyboard; sourceTree = "<group>"; };
		37B1F8851C6D5EE30092FF9B /* Assets.xcassets */ = {isa = PBXFileReference; lastKnownFileType = folder.assetcatalog; path = Assets.xcassets; sourceTree = "<group>"; };
		37B1F8881C6D5EE30092FF9B /* Base */ = {isa = PBXFileReference; lastKnownFileType = file.storyboard; name = Base; path = Base.lproj/LaunchScreen.storyboard; sourceTree = "<group>"; };
		37B1F88A1C6D5EE30092FF9B /* Info.plist */ = {isa = PBXFileReference; lastKnownFileType = text.plist.xml; path = Info.plist; sourceTree = "<group>"; };
		37B1F88F1C6D5EE40092FF9B /* VisualFormatTests.xctest */ = {isa = PBXFileReference; explicitFileType = wrapper.cfbundle; includeInIndex = 0; path = VisualFormatTests.xctest; sourceTree = BUILT_PRODUCTS_DIR; };
		37B1F8931C6D5EE40092FF9B /* VisualFormatTests.swift */ = {isa = PBXFileReference; lastKnownFileType = sourcecode.swift; path = VisualFormatTests.swift; sourceTree = "<group>"; };
		37B1F8951C6D5EE40092FF9B /* Info.plist */ = {isa = PBXFileReference; lastKnownFileType = text.plist.xml; path = Info.plist; sourceTree = "<group>"; };
/* End PBXFileReference section */

/* Begin PBXFrameworksBuildPhase section */
		37B1F8781C6D5EE30092FF9B /* Frameworks */ = {
			isa = PBXFrameworksBuildPhase;
			buildActionMask = 2147483647;
			files = (
			);
			runOnlyForDeploymentPostprocessing = 0;
		};
		37B1F88C1C6D5EE40092FF9B /* Frameworks */ = {
			isa = PBXFrameworksBuildPhase;
			buildActionMask = 2147483647;
			files = (
			);
			runOnlyForDeploymentPostprocessing = 0;
		};
/* End PBXFrameworksBuildPhase section */

/* Begin PBXGroup section */
		37B1F8721C6D5EE30092FF9B = {
			isa = PBXGroup;
			children = (
				37B1F87D1C6D5EE30092FF9B /* VisualFormat */,
				37B1F8921C6D5EE40092FF9B /* VisualFormatTests */,
				37B1F87C1C6D5EE30092FF9B /* Products */,
			);
			sourceTree = "<group>";
		};
		37B1F87C1C6D5EE30092FF9B /* Products */ = {
			isa = PBXGroup;
			children = (
				37B1F87B1C6D5EE30092FF9B /* VisualFormat.app */,
				37B1F88F1C6D5EE40092FF9B /* VisualFormatTests.xctest */,
			);
			name = Products;
			sourceTree = "<group>";
		};
		37B1F87D1C6D5EE30092FF9B /* VisualFormat */ = {
			isa = PBXGroup;
			children = (
				37B1F87E1C6D5EE30092FF9B /* AppDelegate.swift */,
				37B1F8801C6D5EE30092FF9B /* ViewController.swift */,
				37B1F8821C6D5EE30092FF9B /* Main.storyboard */,
				37B1F8851C6D5EE30092FF9B /* Assets.xcassets */,
				37B1F8871C6D5EE30092FF9B /* LaunchScreen.storyboard */,
				37B1F88A1C6D5EE30092FF9B /* Info.plist */,
				377CE6311C6E869800DF9A01 /* UIViewController+Extension.swift */,
			);
			path = VisualFormat;
			sourceTree = "<group>";
		};
		37B1F8921C6D5EE40092FF9B /* VisualFormatTests */ = {
			isa = PBXGroup;
			children = (
				37B1F8931C6D5EE40092FF9B /* VisualFormatTests.swift */,
				37B1F8951C6D5EE40092FF9B /* Info.plist */,
			);
			path = VisualFormatTests;
			sourceTree = "<group>";
		};
/* End PBXGroup section */

/* Begin PBXNativeTarget section */
		37B1F87A1C6D5EE30092FF9B /* VisualFormat */ = {
			isa = PBXNativeTarget;
			buildConfigurationList = 37B1F8981C6D5EE40092FF9B /* Build configuration list for PBXNativeTarget "VisualFormat" */;
			buildPhases = (
				37B1F8771C6D5EE30092FF9B /* Sources */,
				37B1F8781C6D5EE30092FF9B /* Frameworks */,
				37B1F8791C6D5EE30092FF9B /* Resources */,
			);
			buildRules = (
			);
			dependencies = (
			);
			name = VisualFormat;
			productName = VisualFormat;
			productReference = 37B1F87B1C6D5EE30092FF9B /* VisualFormat.app */;
			productType = "com.apple.product-type.application";
		};
		37B1F88E1C6D5EE40092FF9B /* VisualFormatTests */ = {
			isa = PBXNativeTarget;
			buildConfigurationList = 37B1F89B1C6D5EE40092FF9B /* Build configuration list for PBXNativeTarget "VisualFormatTests" */;
			buildPhases = (
				37B1F88B1C6D5EE40092FF9B /* Sources */,
				37B1F88C1C6D5EE40092FF9B /* Frameworks */,
				37B1F88D1C6D5EE40092FF9B /* Resources */,
			);
			buildRules = (
			);
			dependencies = (
				37B1F8911C6D5EE40092FF9B /* PBXTargetDependency */,
			);
			name = VisualFormatTests;
			productName = VisualFormatTests;
			productReference = 37B1F88F1C6D5EE40092FF9B /* VisualFormatTests.xctest */;
			productType = "com.apple.product-type.bundle.unit-test";
		};
/* End PBXNativeTarget section */

/* Begin PBXProject section */
		37B1F8731C6D5EE30092FF9B /* Project object */ = {
			isa = PBXProject;
			attributes = {
				LastSwiftUpdateCheck = 0720;
				LastUpgradeCheck = 0720;
				ORGANIZATIONNAME = "Daniel Bonates";
				TargetAttributes = {
					37B1F87A1C6D5EE30092FF9B = {
						CreatedOnToolsVersion = 7.2.1;
					};
					37B1F88E1C6D5EE40092FF9B = {
						CreatedOnToolsVersion = 7.2.1;
						TestTargetID = 37B1F87A1C6D5EE30092FF9B;
					};
				};
			};
			buildConfigurationList = 37B1F8761C6D5EE30092FF9B /* Build configuration list for PBXProject "VisualFormat" */;
			compatibilityVersion = "Xcode 3.2";
			developmentRegion = English;
			hasScannedForEncodings = 0;
			knownRegions = (
				en,
				Base,
			);
			mainGroup = 37B1F8721C6D5EE30092FF9B;
			productRefGroup = 37B1F87C1C6D5EE30092FF9B /* Products */;
			projectDirPath = "";
			projectRoot = "";
			targets = (
				37B1F87A1C6D5EE30092FF9B /* VisualFormat */,
				37B1F88E1C6D5EE40092FF9B /* VisualFormatTests */,
			);
		};
/* End PBXProject section */

/* Begin PBXResourcesBuildPhase section */
		37B1F8791C6D5EE30092FF9B /* Resources */ = {
			isa = PBXResourcesBuildPhase;
			buildActionMask = 2147483647;
			files = (
				37B1F8891C6D5EE30092FF9B /* LaunchScreen.storyboard in Resources */,
				37B1F8861C6D5EE30092FF9B /* Assets.xcassets in Resources */,
				37B1F8841C6D5EE30092FF9B /* Main.storyboard in Resources */,
			);
			runOnlyForDeploymentPostprocessing = 0;
		};
		37B1F88D1C6D5EE40092FF9B /* Resources */ = {
			isa = PBXResourcesBuildPhase;
			buildActionMask = 2147483647;
			files = (
				377CE6301C6E846B00DF9A01 /* Main.storyboard in Resources */,
			);
			runOnlyForDeploymentPostprocessing = 0;
		};
/* End PBXResourcesBuildPhase section */

/* Begin PBXSourcesBuildPhase section */
		37B1F8771C6D5EE30092FF9B /* Sources */ = {
			isa = PBXSourcesBuildPhase;
			buildActionMask = 2147483647;
			files = (
				377CE6321C6E869800DF9A01 /* UIViewController+Extension.swift in Sources */,
				37B1F8811C6D5EE30092FF9B /* ViewController.swift in Sources */,
				37B1F87F1C6D5EE30092FF9B /* AppDelegate.swift in Sources */,
			);
			runOnlyForDeploymentPostprocessing = 0;
		};
		37B1F88B1C6D5EE40092FF9B /* Sources */ = {
			isa = PBXSourcesBuildPhase;
			buildActionMask = 2147483647;
			files = (
				377CE6331C6E869800DF9A01 /* UIViewController+Extension.swift in Sources */,
				377CE62D1C6E7E4600DF9A01 /* ViewController.swift in Sources */,
				37B1F8941C6D5EE40092FF9B /* VisualFormatTests.swift in Sources */,
			);
			runOnlyForDeploymentPostprocessing = 0;
		};
/* End PBXSourcesBuildPhase section */

/* Begin PBXTargetDependency section */
		37B1F8911C6D5EE40092FF9B /* PBXTargetDependency */ = {
			isa = PBXTargetDependency;
			target = 37B1F87A1C6D5EE30092FF9B /* VisualFormat */;
			targetProxy = 37B1F8901C6D5EE40092FF9B /* PBXContainerItemProxy */;
		};
/* End PBXTargetDependency section */

/* Begin PBXVariantGroup section */
		37B1F8821C6D5EE30092FF9B /* Main.storyboard */ = {
			isa = PBXVariantGroup;
			children = (
				37B1F8831C6D5EE30092FF9B /* Base */,
			);
			name = Main.storyboard;
			sourceTree = "<group>";
		};
		37B1F8871C6D5EE30092FF9B /* LaunchScreen.storyboard */ = {
			isa = PBXVariantGroup;
			children = (
				37B1F8881C6D5EE30092FF9B /* Base */,
			);
			name = LaunchScreen.storyboard;
			sourceTree = "<group>";
		};
/* End PBXVariantGroup section */

/* Begin XCBuildConfiguration section */
		37B1F8961C6D5EE40092FF9B /* Debug */ = {
			isa = XCBuildConfiguration;
			buildSettings = {
				ALWAYS_SEARCH_USER_PATHS = NO;
				CLANG_CXX_LANGUAGE_STANDARD = "gnu++0x";
				CLANG_CXX_LIBRARY = "libc++";
				CLANG_ENABLE_MODULES = YES;
				CLANG_ENABLE_OBJC_ARC = YES;
				CLANG_WARN_BOOL_CONVERSION = YES;
				CLANG_WARN_CONSTANT_CONVERSION = YES;
				CLANG_WARN_DIRECT_OBJC_ISA_USAGE = YES_ERROR;
				CLANG_WARN_EMPTY_BODY = YES;
				CLANG_WARN_ENUM_CONVERSION = YES;
				CLANG_WARN_INT_CONVERSION = YES;
				CLANG_WARN_OBJC_ROOT_CLASS = YES_ERROR;
				CLANG_WARN_UNREACHABLE_CODE = YES;
				CLANG_WARN__DUPLICATE_METHOD_MATCH = YES;
				"CODE_SIGN_IDENTITY[sdk=iphoneos*]" = "iPhone Developer";
				COPY_PHASE_STRIP = NO;
				DEBUG_INFORMATION_FORMAT = dwarf;
				ENABLE_STRICT_OBJC_MSGSEND = YES;
				ENABLE_TESTABILITY = YES;
				GCC_C_LANGUAGE_STANDARD = gnu99;
				GCC_DYNAMIC_NO_PIC = NO;
				GCC_NO_COMMON_BLOCKS = YES;
				GCC_OPTIMIZATION_LEVEL = 0;
				GCC_PREPROCESSOR_DEFINITIONS = (
					"DEBUG=1",
					"$(inherited)",
				);
				GCC_WARN_64_TO_32_BIT_CONVERSION = YES;
				GCC_WARN_ABOUT_RETURN_TYPE = YES_ERROR;
				GCC_WARN_UNDECLARED_SELECTOR = YES;
				GCC_WARN_UNINITIALIZED_AUTOS = YES_AGGRESSIVE;
				GCC_WARN_UNUSED_FUNCTION = YES;
				GCC_WARN_UNUSED_VARIABLE = YES;
				IPHONEOS_DEPLOYMENT_TARGET = 9.2;
				MTL_ENABLE_DEBUG_INFO = YES;
				ONLY_ACTIVE_ARCH = YES;
				SDKROOT = iphoneos;
				SWIFT_OPTIMIZATION_LEVEL = "-Onone";
			};
			name = Debug;
		};
		37B1F8971C6D5EE40092FF9B /* Release */ = {
			isa = XCBuildConfiguration;
			buildSettings = {
				ALWAYS_SEARCH_USER_PATHS = NO;
				CLANG_CXX_LANGUAGE_STANDARD = "gnu++0x";
				CLANG_CXX_LIBRARY = "libc++";
				CLANG_ENABLE_MODULES = YES;
				CLANG_ENABLE_OBJC_ARC = YES;
				CLANG_WARN_BOOL_CONVERSION = YES;
				CLANG_WARN_CONSTANT_CONVERSION = YES;
				CLANG_WARN_DIRECT_OBJC_ISA_USAGE = YES_ERROR;
				CLANG_WARN_EMPTY_BODY = YES;
				CLANG_WARN_ENUM_CONVERSION = YES;
				CLANG_WARN_INT_CONVERSION = YES;
				CLANG_WARN_OBJC_ROOT_CLASS = YES_ERROR;
				CLANG_WARN_UNREACHABLE_CODE = YES;
				CLANG_WARN__DUPLICATE_METHOD_MATCH = YES;
				"CODE_SIGN_IDENTITY[sdk=iphoneos*]" = "iPhone Developer";
				COPY_PHASE_STRIP = NO;
				DEBUG_INFORMATION_FORMAT = "dwarf-with-dsym";
				ENABLE_NS_ASSERTIONS = NO;
				ENABLE_STRICT_OBJC_MSGSEND = YES;
				GCC_C_LANGUAGE_STANDARD = gnu99;
				GCC_NO_COMMON_BLOCKS = YES;
				GCC_WARN_64_TO_32_BIT_CONVERSION = YES;
				GCC_WARN_ABOUT_RETURN_TYPE = YES_ERROR;
				GCC_WARN_UNDECLARED_SELECTOR = YES;
				GCC_WARN_UNINITIALIZED_AUTOS = YES_AGGRESSIVE;
				GCC_WARN_UNUSED_FUNCTION = YES;
				GCC_WARN_UNUSED_VARIABLE = YES;
				IPHONEOS_DEPLOYMENT_TARGET = 9.2;
				MTL_ENABLE_DEBUG_INFO = NO;
				SDKROOT = iphoneos;
				VALIDATE_PRODUCT = YES;
			};
			name = Release;
		};
		37B1F8991C6D5EE40092FF9B /* Debug */ = {
			isa = XCBuildConfiguration;
			buildSettings = {
				ASSETCATALOG_COMPILER_APPICON_NAME = AppIcon;
				CODE_SIGN_IDENTITY = "iPhone Developer: Daniel Bonates (8HHXR9YSNU)";
				INFOPLIST_FILE = VisualFormat/Info.plist;
				LD_RUNPATH_SEARCH_PATHS = "$(inherited) @executable_path/Frameworks";
				PRODUCT_BUNDLE_IDENTIFIER = com.bonates.VisualFormat;
				PRODUCT_NAME = "$(TARGET_NAME)";
				PROVISIONING_PROFILE = "7bfafe7b-c30c-4ebe-8d79-26c80fe1d14d";
			};
			name = Debug;
		};
		37B1F89A1C6D5EE40092FF9B /* Release */ = {
			isa = XCBuildConfiguration;
			buildSettings = {
				ASSETCATALOG_COMPILER_APPICON_NAME = AppIcon;
				CODE_SIGN_IDENTITY = "iPhone Developer: Daniel Bonates (8HHXR9YSNU)";
				INFOPLIST_FILE = VisualFormat/Info.plist;
				LD_RUNPATH_SEARCH_PATHS = "$(inherited) @executable_path/Frameworks";
				PRODUCT_BUNDLE_IDENTIFIER = com.bonates.VisualFormat;
				PRODUCT_NAME = "$(TARGET_NAME)";
				PROVISIONING_PROFILE = "7bfafe7b-c30c-4ebe-8d79-26c80fe1d14d";
			};
			name = Release;
		};
		37B1F89C1C6D5EE40092FF9B /* Debug */ = {
			isa = XCBuildConfiguration;
			buildSettings = {
				BUNDLE_LOADER = "$(TEST_HOST)";
				CODE_SIGN_IDENTITY = "iPhone Developer: Daniel Bonates (8HHXR9YSNU)";
				INFOPLIST_FILE = VisualFormatTests/Info.plist;
				LD_RUNPATH_SEARCH_PATHS = "$(inherited) @executable_path/Frameworks @loader_path/Frameworks";
				PRODUCT_BUNDLE_IDENTIFIER = com.bonates.VisualFormatTests;
				PRODUCT_NAME = "$(TARGET_NAME)";
				PROVISIONING_PROFILE = "7bfafe7b-c30c-4ebe-8d79-26c80fe1d14d";
				TEST_HOST = "$(BUILT_PRODUCTS_DIR)/VisualFormat.app/VisualFormat";
			};
			name = Debug;
		};
		37B1F89D1C6D5EE40092FF9B /* Release */ = {
			isa = XCBuildConfiguration;
			buildSettings = {
				BUNDLE_LOADER = "$(TEST_HOST)";
				CODE_SIGN_IDENTITY = "iPhone Developer: Daniel Bonates (8HHXR9YSNU)";
				INFOPLIST_FILE = VisualFormatTests/Info.plist;
				LD_RUNPATH_SEARCH_PATHS = "$(inherited) @executable_path/Frameworks @loader_path/Frameworks";
				PRODUCT_BUNDLE_IDENTIFIER = com.bonates.VisualFormatTests;
				PRODUCT_NAME = "$(TARGET_NAME)";
				PROVISIONING_PROFILE = "7bfafe7b-c30c-4ebe-8d79-26c80fe1d14d";
				TEST_HOST = "$(BUILT_PRODUCTS_DIR)/VisualFormat.app/VisualFormat";
			};
			name = Release;
		};
/* End XCBuildConfiguration section */

/* Begin XCConfigurationList section */
		37B1F8761C6D5EE30092FF9B /* Build configuration list for PBXProject "VisualFormat" */ = {
			isa = XCConfigurationList;
			buildConfigurations = (
				37B1F8961C6D5EE40092FF9B /* Debug */,
				37B1F8971C6D5EE40092FF9B /* Release */,
			);
			defaultConfigurationIsVisible = 0;
			defaultConfigurationName = Release;
		};
		37B1F8981C6D5EE40092FF9B /* Build configuration list for PBXNativeTarget "VisualFormat" */ = {
			isa = XCConfigurationList;
			buildConfigurations = (
				37B1F8991C6D5EE40092FF9B /* Debug */,
				37B1F89A1C6D5EE40092FF9B /* Release */,
			);
			defaultConfigurationIsVisible = 0;
			defaultConfigurationName = Release;
		};
		37B1F89B1C6D5EE40092FF9B /* Build configuration list for PBXNativeTarget "VisualFormatTests" */ = {
			isa = XCConfigurationList;
			buildConfigurations = (
				37B1F89C1C6D5EE40092FF9B /* Debug */,
				37B1F89D1C6D5EE40092FF9B /* Release */,
			);
			defaultConfigurationIsVisible = 0;
			defaultConfigurationName = Release;
		};
/* End XCConfigurationList section */
	};
	rootObject = 37B1F8731C6D5EE30092FF9B /* Project object */;
}
